# THIS IS AN AUTOGENERATED FILE. DO NOT EDIT THIS FILE DIRECTLY.
# yarn lockfile v1


"@gravitywelluk/debug@^1.0.28":
  version "1.0.28"
  resolved "https://registry.yarnpkg.com/@gravitywelluk/debug/-/debug-1.0.28.tgz#2760ed1b09b89f1950b35b0ad8cb1fdb16ee29d8"
  integrity sha512-6EkYzfagvDxzTdO1GWl8YfQHSH38rUeSmxsb+oxh7w4xo08+GFXgS9W3iEqpIZVyluWtO4+cpE+DuQTf2qHnCg==
  dependencies:
    debug "^4.2.0"

"@gravitywelluk/json-api-error@^1.0.29":
  version "1.0.29"
  resolved "https://registry.yarnpkg.com/@gravitywelluk/json-api-error/-/json-api-error-1.0.29.tgz#876d758728167736d8d604fce976ecec2206c1ca"
  integrity sha512-23CfIiSncb7cMVQgD+FODYxqRYE8RBdI3Mb7Gya73KfyPo9BpAEnTgddcSGo2QBTn9R3EP90sN2F0Mmo7ZD+qQ==
  dependencies:
    "@sentry/node" "^5.22.0"
    axios "^0.21.1"
    joi "^17.3.0"
    ramda "^0.27.0"
    uuid "^8.1.0"

"@hapi/hoek@^9.0.0":
  version "9.1.0"
  resolved "https://registry.yarnpkg.com/@hapi/hoek/-/hoek-9.1.0.tgz#6c9eafc78c1529248f8f4d92b0799a712b6052c6"
  integrity sha512-i9YbZPN3QgfighY/1X1Pu118VUz2Fmmhd6b2n0/O8YVgGGfw0FbUYoA97k7FkpGJ+pLCFEDLUmAPPV4D1kpeFw==

"@hapi/topo@^5.0.0":
  version "5.0.0"
  resolved "https://registry.yarnpkg.com/@hapi/topo/-/topo-5.0.0.tgz#c19af8577fa393a06e9c77b60995af959be721e7"
  integrity sha512-tFJlT47db0kMqVm3H4nQYgn6Pwg10GTZHb1pwmSiv1K4ks6drQOtfEF5ZnPjkvC+y4/bUPHK+bc87QvLcL+WMw==
  dependencies:
    "@hapi/hoek" "^9.0.0"

"@sentry/core@5.27.6":
  version "5.27.6"
  resolved "https://registry.yarnpkg.com/@sentry/core/-/core-5.27.6.tgz#3ceeb58acd857f1e17d52d3087bfecb506adc1f7"
  integrity sha512-izCS5iyc6HAfpW1AsGXLAKetx82C1Sq1siAh97tOlSK58PVJAEH/WMiej9WuZJxCDTOtj94QtoLflssrZyAtFg==
  dependencies:
    "@sentry/hub" "5.27.6"
    "@sentry/minimal" "5.27.6"
    "@sentry/types" "5.27.6"
    "@sentry/utils" "5.27.6"
    tslib "^1.9.3"

"@sentry/hub@5.27.6":
  version "5.27.6"
  resolved "https://registry.yarnpkg.com/@sentry/hub/-/hub-5.27.6.tgz#a94adbe32c45dda7ad5adf742b82e0a022eb9c2f"
  integrity sha512-bOMky3iu7zEghSaWmTayfme5tCpUok841qDCGxGKuyAtOhBDsgGNS/ApNEEDF2fyX0oo4G1cHYPWhX90ZFf/xA==
  dependencies:
    "@sentry/types" "5.27.6"
    "@sentry/utils" "5.27.6"
    tslib "^1.9.3"

"@sentry/minimal@5.27.6":
  version "5.27.6"
  resolved "https://registry.yarnpkg.com/@sentry/minimal/-/minimal-5.27.6.tgz#783012ed94668be168f2b521e0ea6295c76ce2b0"
  integrity sha512-pKhzVQX9nL4m1dcnb2i2Y47IWVNs+K3wiYLgCB9hl9+ApxppfOc+fquiFoCloST3IuaD4yly2TtbOJgAMWcMxQ==
  dependencies:
    "@sentry/hub" "5.27.6"
    "@sentry/types" "5.27.6"
    tslib "^1.9.3"

"@sentry/node@^5.22.0":
  version "5.27.6"
  resolved "https://registry.yarnpkg.com/@sentry/node/-/node-5.27.6.tgz#a9ab20bf305d802914b41040ef3b328c2b681120"
  integrity sha512-ogKL4F3wSZuzNeHOGKPqQPbZ87Bd/dC8wk7Rwbui3SIMgtoUmO3rSOR4Edwar6mf330cA6CY9roylWdcaSqmZA==
  dependencies:
    "@sentry/core" "5.27.6"
    "@sentry/hub" "5.27.6"
    "@sentry/tracing" "5.27.6"
    "@sentry/types" "5.27.6"
    "@sentry/utils" "5.27.6"
    cookie "^0.4.1"
    https-proxy-agent "^5.0.0"
    lru_map "^0.3.3"
    tslib "^1.9.3"

"@sentry/tracing@5.27.6":
  version "5.27.6"
  resolved "https://registry.yarnpkg.com/@sentry/tracing/-/tracing-5.27.6.tgz#34a827c6e7a819b0eb0e409063203209abd19dad"
  integrity sha512-ms3vprEId+hi8hcqtf8weqsNGASaDXAZzIOT4g2gASGpwLb5hLuScpM8z6Yhu5FGjb8DektlW5OrXJSsStIozw==
  dependencies:
    "@sentry/hub" "5.27.6"
    "@sentry/minimal" "5.27.6"
    "@sentry/types" "5.27.6"
    "@sentry/utils" "5.27.6"
    tslib "^1.9.3"

"@sentry/types@5.27.6":
  version "5.27.6"
  resolved "https://registry.yarnpkg.com/@sentry/types/-/types-5.27.6.tgz#b5054eafcb8ac11d4bc4787c7bc7fc113cad8b80"
  integrity sha512-XOW9W8DrMk++4Hk7gWi9o5VR0o/GrqGfTKyFsHSIjqt2hL6kiMPvKeb2Hhmp7Iq37N2bDmRdWpM5m+68S2Jk6w==

"@sentry/utils@5.27.6":
  version "5.27.6"
  resolved "https://registry.yarnpkg.com/@sentry/utils/-/utils-5.27.6.tgz#cd8486469ae9716a21a4bc7e828e5aeee0ed9727"
  integrity sha512-/QMVLv+zrTfiIj2PU+SodSbSzD5MmamMOaljkDsRIVsj6gpkm1/VG1g2+40TZ0FbQ4hCW2F+iR7cnqzZBNmchA==
  dependencies:
    "@sentry/types" "5.27.6"
    tslib "^1.9.3"

"@sideway/address@^4.1.0":
  version "4.1.0"
  resolved "https://registry.yarnpkg.com/@sideway/address/-/address-4.1.0.tgz#0b301ada10ac4e0e3fa525c90615e0b61a72b78d"
  integrity sha512-wAH/JYRXeIFQRsxerIuLjgUu2Xszam+O5xKeatJ4oudShOOirfmsQ1D6LL54XOU2tizpCYku+s1wmU0SYdpoSA==
  dependencies:
    "@hapi/hoek" "^9.0.0"

"@sideway/formula@^3.0.0":
  version "3.0.0"
  resolved "https://registry.yarnpkg.com/@sideway/formula/-/formula-3.0.0.tgz#fe158aee32e6bd5de85044be615bc08478a0a13c"
  integrity sha512-vHe7wZ4NOXVfkoRb8T5otiENVlT7a3IAiw7H5M2+GO+9CDgcVUUsX1zalAztCmwyOr2RUTGJdgB+ZvSVqmdHmg==

"@sideway/pinpoint@^2.0.0":
  version "2.0.0"
  resolved "https://registry.yarnpkg.com/@sideway/pinpoint/-/pinpoint-2.0.0.tgz#cff8ffadc372ad29fd3f78277aeb29e632cc70df"
  integrity sha512-RNiOoTPkptFtSVzQevY/yWtZwf/RxyVnPy/OcA9HBM3MlGDnBEYL5B41H0MTn0Uec8Hi+2qUtTfG2WWZBmMejQ==

"@types/node@*":
  version "14.14.9"
  resolved "https://registry.yarnpkg.com/@types/node/-/node-14.14.9.tgz#04afc9a25c6ff93da14deabd65dc44485b53c8d6"
  integrity sha512-JsoLXFppG62tWTklIoO4knA+oDTYsmqWxHRvd4lpmfQRNhX6osheUOWETP2jMoV/2bEHuMra8Pp3Dmo/stBFcw==

"@types/ramda@^0.27.32":
  version "0.27.32"
  resolved "https://registry.yarnpkg.com/@types/ramda/-/ramda-0.27.32.tgz#4f62ff4fc3a41dc32dd9df3cde53861b6ee69e6f"
  integrity sha512-vdwZcWC+hlTxB//LZQLS1+VEdArImGI4yVKUpeqB8b9mBXgDFXCuQoOt8spQbi8fTyNLOdqRv6liSm2ckxWLog==
  dependencies:
    ts-toolbelt "^6.15.1"

agent-base@6:
  version "6.0.2"
  resolved "https://registry.yarnpkg.com/agent-base/-/agent-base-6.0.2.tgz#49fff58577cfee3f37176feab4c22e00f86d7f77"
  integrity sha512-RZNwNclF7+MS/8bDg70amg32dyeZGZxiDuQmZxKLAlQjr3jGyLx+4Kkk58UO7D2QdgFIQCovuSuZESne6RG6XQ==
  dependencies:
    debug "4"

any-promise@^1.3.0:
  version "1.3.0"
  resolved "https://registry.yarnpkg.com/any-promise/-/any-promise-1.3.0.tgz#abc6afeedcea52e809cdc0376aed3ce39635d17f"
  integrity sha1-q8av7tzqUugJzcA3au0845Y10X8=

axios@^0.21.1:
  version "0.21.1"
  resolved "https://registry.yarnpkg.com/axios/-/axios-0.21.1.tgz#22563481962f4d6bde9a76d516ef0e5d3c09b2b8"
  integrity sha512-dKQiRHxGD9PPRIUNIWvZhPTPpl1rf/OxTYKsqKUDjBwYylTvV7SjSHJb9ratfyzM6wCdLCOYLzs73qpg5c4iGA==
  dependencies:
    follow-redirects "^1.10.0"

cookie@^0.4.1:
  version "0.4.1"
  resolved "https://registry.yarnpkg.com/cookie/-/cookie-0.4.1.tgz#afd713fe26ebd21ba95ceb61f9a8116e50a537d1"
  integrity sha512-ZwrFkGJxUR3EIoXtO+yVE69Eb7KlixbaeAWfBQB9vVsNn/o+Yw69gBWSSDK825hQNdN+wF8zELf3dFNl/kxkUA==

debug@4, debug@^4.1.1, debug@^4.2.0:
  version "4.3.1"
  resolved "https://registry.yarnpkg.com/debug/-/debug-4.3.1.tgz#f0d229c505e0c6d8c49ac553d1b13dc183f6b2ee"
  integrity sha512-doEwdvm4PCeK4K3RQN2ZC2BYUBaxwLARCqZmMjtF8a51J2Rb0xpVloFRnCODwqjpwnAoao4pelN8l3RJdv3gRQ==
  dependencies:
    ms "2.1.2"

dottie@^2.0.0:
  version "2.0.2"
  resolved "https://registry.yarnpkg.com/dottie/-/dottie-2.0.2.tgz#cc91c0726ce3a054ebf11c55fbc92a7f266dd154"
  integrity sha512-fmrwR04lsniq/uSr8yikThDTrM7epXHBAAjH9TbeH3rEA8tdCO7mRzB9hdmdGyJCxF8KERo9CITcm3kGuoyMhg==

follow-redirects@^1.10.0:
  version "1.14.1"
  resolved "https://registry.yarnpkg.com/follow-redirects/-/follow-redirects-1.14.1.tgz#d9114ded0a1cfdd334e164e6662ad02bfd91ff43"
  integrity sha512-HWqDgT7ZEkqRzBvc2s64vSZ/hfOceEol3ac/7tKwzuvEyWx3/4UegXh5oBOIotkGsObyk3xznnSRVADBgWSQVg==

https-proxy-agent@^5.0.0:
  version "5.0.0"
  resolved "https://registry.yarnpkg.com/https-proxy-agent/-/https-proxy-agent-5.0.0.tgz#e2a90542abb68a762e0a0850f6c9edadfd8506b2"
  integrity sha512-EkYm5BcKUGiduxzSt3Eppko+PiNWNEpa4ySk9vTC6wDsQJW9rHSa+UhGNJoRYp7bz6Ht1eaRIa6QaJqO5rCFbA==
  dependencies:
    agent-base "6"
    debug "4"

inflection@1.13.1:
  version "1.13.1"
  resolved "https://registry.yarnpkg.com/inflection/-/inflection-1.13.1.tgz#c5cadd80888a90cf84c2e96e340d7edc85d5f0cb"
  integrity sha512-dldYtl2WlN0QDkIDtg8+xFwOS2Tbmp12t1cHa5/YClU6ZQjTFm7B66UcVbh9NQB+HvT5BAd2t5+yKsBkw5pcqA==

joi@^17.3.0:
  version "17.3.0"
  resolved "https://registry.yarnpkg.com/joi/-/joi-17.3.0.tgz#f1be4a6ce29bc1716665819ac361dfa139fff5d2"
  integrity sha512-Qh5gdU6niuYbUIUV5ejbsMiiFmBdw8Kcp8Buj2JntszCkCfxJ9Cz76OtHxOZMPXrt5810iDIXs+n1nNVoquHgg==
  dependencies:
    "@hapi/hoek" "^9.0.0"
    "@hapi/topo" "^5.0.0"
    "@sideway/address" "^4.1.0"
    "@sideway/formula" "^3.0.0"
    "@sideway/pinpoint" "^2.0.0"

lodash@^4.17.20:
  version "4.17.21"
  resolved "https://registry.yarnpkg.com/lodash/-/lodash-4.17.21.tgz#679591c564c3bffaae8454cf0b3df370c3d6911c"
  integrity sha512-v2kDEe57lecTulaDIuNTPy3Ry4gLGJ6Z1O3vE1krgXZNrsQ+LFTGHVxVjcXPs17LhbZVGedAJv8XZ1tvj5FvSg==

lru_map@^0.3.3:
  version "0.3.3"
  resolved "https://registry.yarnpkg.com/lru_map/-/lru_map-0.3.3.tgz#b5c8351b9464cbd750335a79650a0ec0e56118dd"
  integrity sha1-tcg1G5Rky9dQM1p5ZQoOwOVhGN0=

moment-timezone@^0.5.31:
  version "0.5.32"
  resolved "https://registry.yarnpkg.com/moment-timezone/-/moment-timezone-0.5.32.tgz#db7677cc3cc680fd30303ebd90b0da1ca0dfecc2"
  integrity sha512-Z8QNyuQHQAmWucp8Knmgei8YNo28aLjJq6Ma+jy1ZSpSk5nyfRT8xgUbSQvD2+2UajISfenndwvFuH3NGS+nvA==
  dependencies:
    moment ">= 2.9.0"

"moment@>= 2.9.0", moment@^2.26.0:
  version "2.29.1"
  resolved "https://registry.yarnpkg.com/moment/-/moment-2.29.1.tgz#b2be769fa31940be9eeea6469c075e35006fa3d3"
  integrity sha512-kHmoybcPV8Sqy59DwNDY3Jefr64lK/by/da0ViFcuA4DH0vQg5Q6Ze5VimxkfQNSC+Mls/Kx53s7TjP1RhFEDQ==

ms@2.1.2:
  version "2.1.2"
  resolved "https://registry.yarnpkg.com/ms/-/ms-2.1.2.tgz#d09d1f357b443f493382a8eb3ccd183872ae6009"
  integrity sha512-sGkPx+VjMtmA6MX27oA4FBFELFCZZ4S4XqeGOXCv68tT+jb3vk/RyaKWP0PTKyWtmLSM0b+adUTEvbs1PEaH2w==

pg-hstore@^2.3.4:
  version "2.3.4"
  resolved "https://registry.yarnpkg.com/pg-hstore/-/pg-hstore-2.3.4.tgz#4425e3e2a3e15d2a334c35581186c27cf2e9b8dd"
  integrity sha512-N3SGs/Rf+xA1M2/n0JBiXFDVMzdekwLZLAO0g7mpDY9ouX+fDI7jS6kTq3JujmYbtNSJ53TJ0q4G98KVZSM4EA==
  dependencies:
    underscore "^1.13.1"

ramda@^0.27.0, ramda@^0.27.1:
  version "0.27.1"
  resolved "https://registry.yarnpkg.com/ramda/-/ramda-0.27.1.tgz#66fc2df3ef873874ffc2da6aa8984658abacf5c9"
  integrity sha512-PgIdVpn5y5Yns8vqb8FzBUEYn98V3xcPgawAkkgj0YJ0qDsnHCiNmZYfOGMgOvoB0eWFLpYbhxUR3mxfDIMvpw==

retry-as-promised@^3.2.0:
  version "3.2.0"
  resolved "https://registry.yarnpkg.com/retry-as-promised/-/retry-as-promised-3.2.0.tgz#769f63d536bec4783549db0777cb56dadd9d8543"
  integrity sha512-CybGs60B7oYU/qSQ6kuaFmRd9sTZ6oXSc0toqePvV74Ac6/IFZSI1ReFQmtCN+uvW1Mtqdwpvt/LGOiCBAY2Mg==
  dependencies:
    any-promise "^1.3.0"

semver@^7.3.2:
  version "7.3.2"
  resolved "https://registry.yarnpkg.com/semver/-/semver-7.3.2.tgz#604962b052b81ed0786aae84389ffba70ffd3938"
  integrity sha512-OrOb32TeeambH6UrhtShmF7CRDqhL6/5XpPNp2DuRH6+9QLw/orhp72j87v8Qa1ScDkvrrBNpZcDejAirJmfXQ==

sequelize-pool@^6.0.0:
  version "6.1.0"
  resolved "https://registry.yarnpkg.com/sequelize-pool/-/sequelize-pool-6.1.0.tgz#caaa0c1e324d3c2c3a399fed2c7998970925d668"
  integrity sha512-4YwEw3ZgK/tY/so+GfnSgXkdwIJJ1I32uZJztIEgZeAO6HMgj64OzySbWLgxj+tXhZCJnzRfkY9gINw8Ft8ZMg==

sequelize@^6.6.5:
  version "6.6.5"
  resolved "https://registry.yarnpkg.com/sequelize/-/sequelize-6.6.5.tgz#6f618e99f3df1fc81f28709e8a3139cec3ef1f0c"
  integrity sha512-QyRrJrDRiwuiILqTMHUA1yWOPIL12KlfmgZ3hnzQwbMvp2vJ6fzu9bYJQB+qPMosck4mBUggY4Cjoc6Et8FBIQ==
  dependencies:
    debug "^4.1.1"
    dottie "^2.0.0"
    inflection "1.13.1"
    lodash "^4.17.20"
    moment "^2.26.0"
    moment-timezone "^0.5.31"
    retry-as-promised "^3.2.0"
    semver "^7.3.2"
    sequelize-pool "^6.0.0"
    toposort-class "^1.0.1"
    uuid "^8.1.0"
    validator "^13.6.0"
    wkx "^0.5.0"

toposort-class@^1.0.1:
  version "1.0.1"
  resolved "https://registry.yarnpkg.com/toposort-class/-/toposort-class-1.0.1.tgz#7ffd1f78c8be28c3ba45cd4e1a3f5ee193bd9988"
  integrity sha1-f/0feMi+KMO6Rc1OGj9e4ZO9mYg=

ts-toolbelt@^6.15.1:
  version "6.15.5"
  resolved "https://registry.yarnpkg.com/ts-toolbelt/-/ts-toolbelt-6.15.5.tgz#cb3b43ed725cb63644782c64fbcad7d8f28c0a83"
  integrity sha512-FZIXf1ksVyLcfr7M317jbB67XFJhOO1YqdTcuGaq9q5jLUoTikukZ+98TPjKiP2jC5CgmYdWWYs0s2nLSU0/1A==

tslib@^1.9.3:
  version "1.14.1"
  resolved "https://registry.yarnpkg.com/tslib/-/tslib-1.14.1.tgz#cf2d38bdc34a134bcaf1091c41f6619e2f672d00"
  integrity sha512-Xni35NKzjgMrwevysHTCArtLDpPvye8zV/0E4EyYn43P7/7qvQwPh9BGkHewbMulVntbigmcT7rdX3BNo9wRJg==

underscore@^1.13.1:
  version "1.13.1"
  resolved "https://registry.yarnpkg.com/underscore/-/underscore-1.13.1.tgz#0c1c6bd2df54b6b69f2314066d65b6cde6fcf9d1"
  integrity sha512-hzSoAVtJF+3ZtiFX0VgfFPHEDRm7Y/QPjGyNo4TVdnDTdft3tr8hEkD25a1jC+TjTuE7tkHGKkhwCgs9dgBB2g==

uuid@^8.1.0:
  version "8.3.1"
  resolved "https://registry.yarnpkg.com/uuid/-/uuid-8.3.1.tgz#2ba2e6ca000da60fce5a196954ab241131e05a31"
  integrity sha512-FOmRr+FmWEIG8uhZv6C2bTgEVXsHk08kE7mPlrBbEe+c3r9pjceVPgupIfNIhc4yx55H69OXANrUaSuu9eInKg==

validator@^13.6.0:
  version "13.6.0"
  resolved "https://registry.yarnpkg.com/validator/-/validator-13.6.0.tgz#1e71899c14cdc7b2068463cb24c1cc16f6ec7059"
  integrity sha512-gVgKbdbHgtxpRyR8K0O6oFZPhhB5tT1jeEHZR0Znr9Svg03U0+r9DXWMrnRAB+HtCStDQKlaIZm42tVsVjqtjg==

wkx@^0.5.0:
  version "0.5.0"
  resolved "https://registry.yarnpkg.com/wkx/-/wkx-0.5.0.tgz#c6c37019acf40e517cc6b94657a25a3d4aa33e8c"
  integrity sha512-Xng/d4Ichh8uN4l0FToV/258EjMGU9MGcA0HV2d9B/ZpZB3lqQm7nkOdZdm5GhKtLLhAE7PiVQwN4eN+2YJJUg==
  dependencies:
    "@types/node" "*"
