# THIS IS AN AUTOGENERATED FILE. DO NOT EDIT THIS FILE DIRECTLY.
# yarn lockfile v1


"@types/gtag.js@^0.0.7":
  version "0.0.7"
  resolved "https://registry.yarnpkg.com/@types/gtag.js/-/gtag.js-0.0.7.tgz#ac3c2008a5f943fa503d17355a8a8bbc80b603ed"
  integrity sha512-Kl5beBoB0OXw7WeFgHHpLEchvC7HyIu3v1AksNNTemAF6jmEmQGqhZQSHcG6BOU/Lq0xsByQNqLzicLPjVkxYQ==
