# THIS IS AN AUTOGENERATED FILE. DO NOT EDIT THIS FILE DIRECTLY.
# yarn lockfile v1


"@hapi/hoek@^9.0.0":
  version "9.1.0"
  resolved "https://registry.yarnpkg.com/@hapi/hoek/-/hoek-9.1.0.tgz#6c9eafc78c1529248f8f4d92b0799a712b6052c6"
  integrity sha512-i9YbZPN3QgfighY/1X1Pu118VUz2Fmmhd6b2n0/O8YVgGGfw0FbUYoA97k7FkpGJ+pLCFEDLUmAPPV4D1kpeFw==

"@hapi/topo@^5.0.0":
  version "5.0.0"
  resolved "https://registry.yarnpkg.com/@hapi/topo/-/topo-5.0.0.tgz#c19af8577fa393a06e9c77b60995af959be721e7"
  integrity sha512-tFJlT47db0kMqVm3H4nQYgn6Pwg10GTZHb1pwmSiv1K4ks6drQOtfEF5ZnPjkvC+y4/bUPHK+bc87QvLcL+WMw==
  dependencies:
    "@hapi/hoek" "^9.0.0"

"@sideway/address@^4.1.0":
  version "4.1.0"
  resolved "https://registry.yarnpkg.com/@sideway/address/-/address-4.1.0.tgz#0b301ada10ac4e0e3fa525c90615e0b61a72b78d"
  integrity sha512-wAH/JYRXeIFQRsxerIuLjgUu2Xszam+O5xKeatJ4oudShOOirfmsQ1D6LL54XOU2tizpCYku+s1wmU0SYdpoSA==
  dependencies:
    "@hapi/hoek" "^9.0.0"

"@sideway/formula@^3.0.0":
  version "3.0.0"
  resolved "https://registry.yarnpkg.com/@sideway/formula/-/formula-3.0.0.tgz#fe158aee32e6bd5de85044be615bc08478a0a13c"
  integrity sha512-vHe7wZ4NOXVfkoRb8T5otiENVlT7a3IAiw7H5M2+GO+9CDgcVUUsX1zalAztCmwyOr2RUTGJdgB+ZvSVqmdHmg==

"@sideway/pinpoint@^2.0.0":
  version "2.0.0"
  resolved "https://registry.yarnpkg.com/@sideway/pinpoint/-/pinpoint-2.0.0.tgz#cff8ffadc372ad29fd3f78277aeb29e632cc70df"
  integrity sha512-RNiOoTPkptFtSVzQevY/yWtZwf/RxyVnPy/OcA9HBM3MlGDnBEYL5B41H0MTn0Uec8Hi+2qUtTfG2WWZBmMejQ==

joi@^17.3.0:
  version "17.3.0"
  resolved "https://registry.yarnpkg.com/joi/-/joi-17.3.0.tgz#f1be4a6ce29bc1716665819ac361dfa139fff5d2"
  integrity sha512-Qh5gdU6niuYbUIUV5ejbsMiiFmBdw8Kcp8Buj2JntszCkCfxJ9Cz76OtHxOZMPXrt5810iDIXs+n1nNVoquHgg==
  dependencies:
    "@hapi/hoek" "^9.0.0"
    "@hapi/topo" "^5.0.0"
    "@sideway/address" "^4.1.0"
    "@sideway/formula" "^3.0.0"
    "@sideway/pinpoint" "^2.0.0"
